
Microsoft Visual Studio Solution File, Format Version 12.00
# Visual Studio Version 17
VisualStudioVersion = 17.8.34330.188
MinimumVisualStudioVersion = 10.0.40219.1
Project("{8BC9CEB8-8B4A-11D0-8D11-00A0C91BC942}") = "dllLog", "dllLog\dllLog.vcxproj", "{FCA6AFB7-2617-4A5B-B9CD-72EBF9F66D39}"
EndProject
Project("{9A19103F-16F7-4668-BE54-9A1E7A4F7556}") = "TestManagedCsApp1", "TestManagedCsApp1\TestManagedCsApp1.csproj", "{A73978F6-92A2-4791-8498-7C6EEA4891B0}"
	ProjectSection(ProjectDependencies) = postProject
		{FCA6AFB7-2617-4A5B-B9CD-72EBF9F66D39} = {FCA6AFB7-2617-4A5B-B9CD-72EBF9F66D39}
	EndProjectSection
EndProject
Global
	GlobalSection(SolutionConfigurationPlatforms) = preSolution
		Debug|Any CPU = Debug|Any CPU
		Debug|x64 = Debug|x64
		Debug|x86 = Debug|x86
		Release|Any CPU = Release|Any CPU
		Release|x64 = Release|x64
		Release|x86 = Release|x86
	EndGlobalSection
	GlobalSection(ProjectConfigurationPlatforms) = postSolution
		{FCA6AFB7-2617-4A5B-B9CD-72EBF9F66D39}.Debug|Any CPU.ActiveCfg = Debug|x64
		{FCA6AFB7-2617-4A5B-B9CD-72EBF9F66D39}.Debug|Any CPU.Build.0 = Debug|x64
		{FCA6AFB7-2617-4A5B-B9CD-72EBF9F66D39}.Debug|x64.ActiveCfg = Debug|x64
		{FCA6AFB7-2617-4A5B-B9CD-72EBF9F66D39}.Debug|x64.Build.0 = Debug|x64
		{FCA6AFB7-2617-4A5B-B9CD-72EBF9F66D39}.Debug|x86.ActiveCfg = Debug|Win32
		{FCA6AFB7-2617-4A5B-B9CD-72EBF9F66D39}.Debug|x86.Build.0 = Debug|Win32
		{FCA6AFB7-2617-4A5B-B9CD-72EBF9F66D39}.Release|Any CPU.ActiveCfg = Release|x64
		{FCA6AFB7-2617-4A5B-B9CD-72EBF9F66D39}.Release|Any CPU.Build.0 = Release|x64
		{FCA6AFB7-2617-4A5B-B9CD-72EBF9F66D39}.Release|x64.ActiveCfg = Release|x64
		{FCA6AFB7-2617-4A5B-B9CD-72EBF9F66D39}.Release|x64.Build.0 = Release|x64
		{FCA6AFB7-2617-4A5B-B9CD-72EBF9F66D39}.Release|x86.ActiveCfg = Release|Win32
		{FCA6AFB7-2617-4A5B-B9CD-72EBF9F66D39}.Release|x86.Build.0 = Release|Win32
		{A73978F6-92A2-4791-8498-7C6EEA4891B0}.Debug|Any CPU.ActiveCfg = Debug|Any CPU
		{A73978F6-92A2-4791-8498-7C6EEA4891B0}.Debug|Any CPU.Build.0 = Debug|Any CPU
		{A73978F6-92A2-4791-8498-7C6EEA4891B0}.Debug|x64.ActiveCfg = Debug|Any CPU
		{A73978F6-92A2-4791-8498-7C6EEA4891B0}.Debug|x64.Build.0 = Debug|Any CPU
		{A73978F6-92A2-4791-8498-7C6EEA4891B0}.Debug|x86.ActiveCfg = Debug|Any CPU
		{A73978F6-92A2-4791-8498-7C6EEA4891B0}.Debug|x86.Build.0 = Debug|Any CPU
		{A73978F6-92A2-4791-8498-7C6EEA4891B0}.Release|Any CPU.ActiveCfg = Release|Any CPU
		{A73978F6-92A2-4791-8498-7C6EEA4891B0}.Release|Any CPU.Build.0 = Release|Any CPU
		{A73978F6-92A2-4791-8498-7C6EEA4891B0}.Release|x64.ActiveCfg = Release|Any CPU
		{A73978F6-92A2-4791-8498-7C6EEA4891B0}.Release|x64.Build.0 = Release|Any CPU
		{A73978F6-92A2-4791-8498-7C6EEA4891B0}.Release|x86.ActiveCfg = Release|Any CPU
		{A73978F6-92A2-4791-8498-7C6EEA4891B0}.Release|x86.Build.0 = Release|Any CPU
	EndGlobalSection
	GlobalSection(SolutionProperties) = preSolution
		HideSolutionNode = FALSE
	EndGlobalSection
	GlobalSection(ExtensibilityGlobals) = postSolution
		SolutionGuid = {2BB803CC-5850-4F07-A125-D2B250B0A3AE}
	EndGlobalSection
EndGlobal
